{
  "name": "dianxiaobao",
  "version": "1.0.0",
  "lockfileVersion": 1,
  "requires": true,
  "dependencies": {
    "@dcloudio/uni-ui": {
      "version": "1.1.8",
      "resolved": "https://registry.npmjs.org/@dcloudio/uni-ui/-/uni-ui-1.1.8.tgz",
      "integrity": "sha512-a8XehUby0862kosbv5vFDG7sbq2wGxqCjfpzWPqF8Q64uFtlB+jxgLn2enTKswNMldh/yI3SlSZ3m+Bo2qGESw=="
    },
    "async-validator": {
      "version": "3.2.4",
      "resolved": "https://registry.npmjs.org/async-validator/-/async-validator-3.2.4.tgz",
      "integrity": "sha512-mTgzMJixkrh+5t2gbYoua8MLy11GHkQqFE6tbhY5Aqc4jEDGsR4BWP+sVQiYDHtzTMB8WIwI/ypObTVPcTZInw=="
    },
    "cnchar": {
      "version": "2.0.9",
      "resolved": "https://registry.npmjs.org/cnchar/-/cnchar-2.0.9.tgz",
      "integrity": "sha512-XvlA3Aw8aKa0aE5N8pPynj3qRcsDinHE5VwuvczRGIqw/ikLhSh/lWsP5rmH2bGIO8K/aloyuhlErW6MU+bf/A=="
    }
  }
}
